{
  "nodes": {
    "cl-boundary-kit": {
      "flake": false,
      "locked": {
        "lastModified": 1784980104,
        "narHash": "sha256-TVaLVsz0/Sqp3Xlfzimbk31dEAupPyXtvVOG/+ER2co=",
        "owner": "nerima-lisp",
        "repo": "cl-boundary-kit",
        "rev": "472a38dfbd33792587b2b1f652c53256a189029f",
        "type": "github"
      },
      "original": {
        "owner": "nerima-lisp",
        "ref": "v0.6.0",
        "repo": "cl-boundary-kit",
        "type": "github"
      }
    },
    "cl-cli": {
      "flake": false,
      "locked": {
        "lastModified": 1785672492,
        "narHash": "sha256-pbuOSMgY3t6jV//R4i4k0PuRxKOw6x6MOz6K0eRQZMQ=",
        "owner": "nerima-lisp",
        "repo": "cl-cli",
        "rev": "fec7686ea15b021757703f2fdad6bb18dbff422d",
        "type": "github"
      },
      "original": {
        "owner": "nerima-lisp",
        "ref": "v1.3.0",
        "repo": "cl-cli",
        "type": "github"
      }
    },
    "cl-concurrent-kit": {
      "flake": false,
      "locked": {
        "lastModified": 1785940791,
        "narHash": "sha256-4ZXzAIMn4x+/zhx+jOW/Vr61oT/lc+PJIWzAE5y2Qsw=",
        "owner": "nerima-lisp",
        "repo": "cl-concurrent-kit",
        "rev": "0ef20d36a0a12800f231172227bd94034611c639",
        "type": "github"
      },
      "original": {
        "owner": "nerima-lisp",
        "ref": "v0.6.1",
        "repo": "cl-concurrent-kit",
        "type": "github"
      }
    },
    "cl-dataflow": {
      "flake": false,
      "locked": {
        "lastModified": 1785657612,
        "narHash": "sha256-uvbaAJ6Q3f9VSRfe71ASckDfLWobpD8VdPsmSeIkWO0=",
        "owner": "nerima-lisp",
        "repo": "cl-dataflow",
        "rev": "e3297e6c0ee5812de73bb71d19763140dcd39356",
        "type": "github"
      },
      "original": {
        "owner": "nerima-lisp",
        "ref": "v1.1.1",
        "repo": "cl-dataflow",
        "type": "github"
      }
    },
    "cl-date-kit": {
      "flake": false,
      "locked": {
        "lastModified": 1785928864,
        "narHash": "sha256-gpIsXrCcDFYVOVGvbMYMf1Oed/n51zyP3ZKZLQtw/Y0=",
        "owner": "nerima-lisp",
        "repo": "cl-date-kit",
        "rev": "5671c20eddb901ecbe9f5d66b59ea92ac97aa411",
        "type": "github"
      },
      "original": {
        "owner": "nerima-lisp",
        "ref": "v1.0.0",
        "repo": "cl-date-kit",
        "type": "github"
      }
    },
    "cl-host-kit": {
      "flake": false,
      "locked": {
        "lastModified": 1785923957,
        "narHash": "sha256-pUR7Gi9Fdwg9WR1Mpjl+yBAb8FHAAieG8lTLYwfVJOc=",
        "owner": "nerima-lisp",
        "repo": "cl-host-kit",
        "rev": "ec565470b634605e23b0d6eef0645eb15e8e3356",
        "type": "github"
      },
      "original": {
        "owner": "nerima-lisp",
        "ref": "v0.3.1",
        "repo": "cl-host-kit",
        "type": "github"
      }
    },
    "cl-log-kit": {
      "flake": false,
      "locked": {
        "lastModified": 1784998499,
        "narHash": "sha256-MY41YW9Lw2ZaB7cctcvl4vIXXGrsOF/tXPbl4mn3ix8=",
        "owner": "nerima-lisp",
        "repo": "cl-log-kit",
        "rev": "53d1d81309e446afc805e0fe081628089223248b",
        "type": "github"
      },
      "original": {
        "owner": "nerima-lisp",
        "ref": "v1.0.0",
        "repo": "cl-log-kit",
        "type": "github"
      }
    },
    "cl-nix-forge": {
      "inputs": {
        "nixpkgs": [
          "cl-weave",
          "nixpkgs"
        ],
        "treefmt-nix": "treefmt-nix_2"
      },
      "locked": {
        "lastModified": 1785825792,
        "narHash": "sha256-FjpTPYXj5BINxpgFbNqKQgeB6p/ANR/1N8T4lSHS7kU=",
        "owner": "nerima-lisp",
        "repo": "cl-nix-forge",
        "rev": "df1e772cda1efcdb90297b49ca1a25b396b8bdd7",
        "type": "github"
      },
      "original": {
        "owner": "nerima-lisp",
        "ref": "v0.5.0",
        "repo": "cl-nix-forge",
        "type": "github"
      }
    },
    "cl-parser-kit": {
      "flake": false,
      "locked": {
        "lastModified": 1784998474,
        "narHash": "sha256-rqY2m2oCJX2/wVRQ98pNYxH5+QUPfuDqEyiK89D+h+g=",
        "owner": "nerima-lisp",
        "repo": "cl-parser-kit",
        "rev": "8316a9c9a4d39bc95cd2a7d33738750a12314ccc",
        "type": "github"
      },
      "original": {
        "owner": "nerima-lisp",
        "ref": "v1.0.0",
        "repo": "cl-parser-kit",
        "type": "github"
      }
    },
    "cl-process-kit": {
      "flake": false,
      "locked": {
        "lastModified": 1784999791,
        "narHash": "sha256-qZPv2yLDeN2jmPj/1w+5qYj9L47s+ezHQg+Al8zwiLE=",
        "owner": "nerima-lisp",
        "repo": "cl-process-kit",
        "rev": "9f305d62a962044dcd8fae79e932ed1fc02dcf9c",
        "type": "github"
      },
      "original": {
        "owner": "nerima-lisp",
        "ref": "v1.0.0",
        "repo": "cl-process-kit",
        "type": "github"
      }
    },
    "cl-prolog": {
      "inputs": {
        "cl-weave": "cl-weave",
        "nixpkgs": [
          "nixpkgs"
        ],
        "paredit-cli": "paredit-cli"
      },
      "locked": {
        "lastModified": 1785003722,
        "narHash": "sha256-cL5wNd5TDZEIFxvhbBGTFYZOL+YB+boUBPK0yRV66r8=",
        "owner": "nerima-lisp",
        "repo": "cl-prolog",
        "rev": "a1352cee259b5476193255f21d8e56630f9893a9",
        "type": "github"
      },
      "original": {
        "owner": "nerima-lisp",
        "ref": "v1.0.1",
        "repo": "cl-prolog",
        "type": "github"
      }
    },
    "cl-tty-kit": {
      "flake": false,
      "locked": {
        "lastModified": 1784998133,
        "narHash": "sha256-83+D9zLCiFwyhjwcgFx6s8LflB/R46Fn1Youg8SyJMA=",
        "owner": "nerima-lisp",
        "repo": "cl-tty-kit",
        "rev": "0dfde1c30049797b39f5d3d75d1eae605f92c4ca",
        "type": "github"
      },
      "original": {
        "owner": "nerima-lisp",
        "ref": "v1.0.0",
        "repo": "cl-tty-kit",
        "type": "github"
      }
    },
    "cl-weave": {
      "inputs": {
        "nixpkgs": [
          "cl-prolog",
          "nixpkgs"
        ],
        "paredit-cli": [
          "cl-prolog",
          "paredit-cli"
        ]
      },
      "locked": {
        "lastModified": 1784975289,
        "narHash": "sha256-Je74eEojj79RuBQpVF8vSygjlSEhjnmMq8abgyB4sGc=",
        "owner": "nerima-lisp",
        "repo": "cl-weave",
        "rev": "41020b897003fc1e3097cd62643f83ee8334c3be",
        "type": "github"
      },
      "original": {
        "owner": "nerima-lisp",
        "ref": "v1.0.0",
        "repo": "cl-weave",
        "type": "github"
      }
    },
    "cl-weave_2": {
      "inputs": {
        "cl-nix-forge": "cl-nix-forge",
        "nixpkgs": [
          "nixpkgs"
        ],
        "paredit-cli": "paredit-cli_2",
        "treefmt-nix": "treefmt-nix_4"
      },
      "locked": {
        "lastModified": 1785915502,
        "narHash": "sha256-NhwWewIatjblEBVJcY5b6YRBGxiowBjRDlHXJ7crCuU=",
        "owner": "nerima-lisp",
        "repo": "cl-weave",
        "rev": "29bba54f1d711b07cc6244990d0ceff0faeec832",
        "type": "github"
      },
      "original": {
        "owner": "nerima-lisp",
        "ref": "v1.3.0",
        "repo": "cl-weave",
        "type": "github"
      }
    },
    "crane": {
      "locked": {
        "lastModified": 1784564969,
        "narHash": "sha256-TkTWNhJV/8Wk3czlbz4bwHZkFCaCHPsOy+oJe4PUiXg=",
        "owner": "ipetkov",
        "repo": "crane",
        "rev": "7930f6c291de6f83c257839d434592aa085f290a",
        "type": "github"
      },
      "original": {
        "owner": "ipetkov",
        "repo": "crane",
        "type": "github"
      }
    },
    "nixpkgs": {
      "locked": {
        "lastModified": 1784796856,
        "narHash": "sha256-wWFrV5/Qbm+lyt5x20E/bSbfJiGKMo4RCxZV8cl/WZI=",
        "owner": "NixOS",
        "repo": "nixpkgs",
        "rev": "e2587caef70cea85dd97d7daab492899902dbf5d",
        "type": "github"
      },
      "original": {
        "owner": "NixOS",
        "ref": "nixos-unstable",
        "repo": "nixpkgs",
        "type": "github"
      }
    },
    "paredit-cli": {
      "inputs": {
        "nixpkgs": [
          "cl-prolog",
          "nixpkgs"
        ],
        "rust-overlay": "rust-overlay",
        "treefmt-nix": "treefmt-nix"
      },
      "locked": {
        "lastModified": 1784862675,
        "narHash": "sha256-KfxEsl6TSDZwFhIyA2QP3BX+jLw6qJWEz/uMPDkYnKI=",
        "owner": "nerima-lisp",
        "repo": "paredit-cli",
        "rev": "e321bbac6d25b181eaf286697d9761cc3e874091",
        "type": "github"
      },
      "original": {
        "owner": "nerima-lisp",
        "ref": "v0.7.0",
        "repo": "paredit-cli",
        "type": "github"
      }
    },
    "paredit-cli_2": {
      "inputs": {
        "crane": "crane",
        "nixpkgs": [
          "cl-weave",
          "nixpkgs"
        ],
        "rust-overlay": "rust-overlay_2",
        "treefmt-nix": "treefmt-nix_3"
      },
      "locked": {
        "lastModified": 1785386902,
        "narHash": "sha256-UD8Nws8wpybWfqSUfuGykQHr2PldEU3ALFbHMVPQn8U=",
        "owner": "nerima-lisp",
        "repo": "paredit-cli",
        "rev": "f646e5549049e33260b5f3f02587056870656b86",
        "type": "github"
      },
      "original": {
        "owner": "nerima-lisp",
        "ref": "v1.3.0",
        "repo": "paredit-cli",
        "type": "github"
      }
    },
    "root": {
      "inputs": {
        "cl-boundary-kit": "cl-boundary-kit",
        "cl-cli": "cl-cli",
        "cl-concurrent-kit": "cl-concurrent-kit",
        "cl-dataflow": "cl-dataflow",
        "cl-date-kit": "cl-date-kit",
        "cl-host-kit": "cl-host-kit",
        "cl-log-kit": "cl-log-kit",
        "cl-parser-kit": "cl-parser-kit",
        "cl-process-kit": "cl-process-kit",
        "cl-prolog": "cl-prolog",
        "cl-tty-kit": "cl-tty-kit",
        "cl-weave": "cl-weave_2",
        "nixpkgs": "nixpkgs",
        "treefmt-nix": "treefmt-nix_5"
      }
    },
    "rust-overlay": {
      "inputs": {
        "nixpkgs": [
          "cl-prolog",
          "paredit-cli",
          "nixpkgs"
        ]
      },
      "locked": {
        "lastModified": 1783663825,
        "narHash": "sha256-TTrNVoFdEw8j0Hn+shP1KAsimTmszTWBIIUliTaAuY0=",
        "owner": "oxalica",
        "repo": "rust-overlay",
        "rev": "072adf9b18936c1062c48123a9b77891d5968f2c",
        "type": "github"
      },
      "original": {
        "owner": "oxalica",
        "repo": "rust-overlay",
        "type": "github"
      }
    },
    "rust-overlay_2": {
      "inputs": {
        "nixpkgs": [
          "cl-weave",
          "paredit-cli",
          "nixpkgs"
        ]
      },
      "locked": {
        "lastModified": 1783663825,
        "narHash": "sha256-TTrNVoFdEw8j0Hn+shP1KAsimTmszTWBIIUliTaAuY0=",
        "owner": "oxalica",
        "repo": "rust-overlay",
        "rev": "072adf9b18936c1062c48123a9b77891d5968f2c",
        "type": "github"
      },
      "original": {
        "owner": "oxalica",
        "repo": "rust-overlay",
        "type": "github"
      }
    },
    "treefmt-nix": {
      "inputs": {
        "nixpkgs": [
          "cl-prolog",
          "paredit-cli",
          "nixpkgs"
        ]
      },
      "locked": {
        "lastModified": 1780220602,
        "narHash": "sha256-eynAfOmbmxJnkp7YewvCEbShNnnYJ9gLLqkzsYtBPeM=",
        "owner": "numtide",
        "repo": "treefmt-nix",
        "rev": "db947814a175b7ca6ded66e21383d938df01c227",
        "type": "github"
      },
      "original": {
        "owner": "numtide",
        "repo": "treefmt-nix",
        "type": "github"
      }
    },
    "treefmt-nix_2": {
      "inputs": {
        "nixpkgs": [
          "cl-weave",
          "cl-nix-forge",
          "nixpkgs"
        ]
      },
      "locked": {
        "lastModified": 1785360170,
        "narHash": "sha256-XE1lKgQ3eIO3E7zWryqcRsax+mYXod/5RHBn4YaR9YE=",
        "owner": "numtide",
        "repo": "treefmt-nix",
        "rev": "d1187f8bc71fb8aab02395869ec3f5c1920f75c0",
        "type": "github"
      },
      "original": {
        "owner": "numtide",
        "repo": "treefmt-nix",
        "type": "github"
      }
    },
    "treefmt-nix_3": {
      "inputs": {
        "nixpkgs": [
          "cl-weave",
          "paredit-cli",
          "nixpkgs"
        ]
      },
      "locked": {
        "lastModified": 1780220602,
        "narHash": "sha256-eynAfOmbmxJnkp7YewvCEbShNnnYJ9gLLqkzsYtBPeM=",
        "owner": "numtide",
        "repo": "treefmt-nix",
        "rev": "db947814a175b7ca6ded66e21383d938df01c227",
        "type": "github"
      },
      "original": {
        "owner": "numtide",
        "repo": "treefmt-nix",
        "type": "github"
      }
    },
    "treefmt-nix_4": {
      "inputs": {
        "nixpkgs": [
          "cl-weave",
          "nixpkgs"
        ]
      },
      "locked": {
        "lastModified": 1785360170,
        "narHash": "sha256-XE1lKgQ3eIO3E7zWryqcRsax+mYXod/5RHBn4YaR9YE=",
        "owner": "numtide",
        "repo": "treefmt-nix",
        "rev": "d1187f8bc71fb8aab02395869ec3f5c1920f75c0",
        "type": "github"
      },
      "original": {
        "owner": "numtide",
        "repo": "treefmt-nix",
        "type": "github"
      }
    },
    "treefmt-nix_5": {
      "inputs": {
        "nixpkgs": [
          "nixpkgs"
        ]
      },
      "locked": {
        "lastModified": 1784369104,
        "narHash": "sha256-47cxbcZODibHv3rELFQ9vZly0vUNkND/atn/U7HLeb0=",
        "owner": "numtide",
        "repo": "treefmt-nix",
        "rev": "df3c0640565d04a0261253cdd89fce78ec50168a",
        "type": "github"
      },
      "original": {
        "owner": "numtide",
        "repo": "treefmt-nix",
        "type": "github"
      }
    }
  },
  "root": "root",
  "version": 7
}
