{
  "nodes": {
    "cl-boundary-kit": {
      "flake": false,
      "locked": {
        "lastModified": 1785937199,
        "narHash": "sha256-FAuQIpnySCV4KoPm2ugbq/9uMsBGBO5XzF0SE3o0MTI=",
        "owner": "nerima-lisp",
        "repo": "cl-boundary-kit",
        "rev": "62e4a7df3e52061c38b7ff4f596436bdda985f71",
        "type": "github"
      },
      "original": {
        "owner": "nerima-lisp",
        "ref": "v2.3.0",
        "repo": "cl-boundary-kit",
        "type": "github"
      }
    },
    "cl-cli": {
      "flake": false,
      "locked": {
        "lastModified": 1785672492,
        "narHash": "sha256-pbuOSMgY3t6jV//R4i4k0PuRxKOw6x6MOz6K0eRQZMQ=",
        "owner": "nerima-lisp",
        "repo": "cl-cli",
        "rev": "fec7686ea15b021757703f2fdad6bb18dbff422d",
        "type": "github"
      },
      "original": {
        "owner": "nerima-lisp",
        "ref": "v1.3.0",
        "repo": "cl-cli",
        "type": "github"
      }
    },
    "cl-codec-kit": {
      "flake": false,
      "locked": {
        "lastModified": 1785920269,
        "narHash": "sha256-gdpeurD7tMtJdk5X87I9v/cDWHvkplaWHAeVUMCkyFU=",
        "owner": "nerima-lisp",
        "repo": "cl-codec-kit",
        "rev": "e30be513f5f8e936e968ff8d7910f43ef986ba6f",
        "type": "github"
      },
      "original": {
        "owner": "nerima-lisp",
        "ref": "v0.5.0",
        "repo": "cl-codec-kit",
        "type": "github"
      }
    },
    "cl-concurrent-kit": {
      "flake": false,
      "locked": {
        "lastModified": 1785940791,
        "narHash": "sha256-4ZXzAIMn4x+/zhx+jOW/Vr61oT/lc+PJIWzAE5y2Qsw=",
        "owner": "nerima-lisp",
        "repo": "cl-concurrent-kit",
        "rev": "0ef20d36a0a12800f231172227bd94034611c639",
        "type": "github"
      },
      "original": {
        "owner": "nerima-lisp",
        "ref": "v0.6.1",
        "repo": "cl-concurrent-kit",
        "type": "github"
      }
    },
    "cl-dataflow-kit": {
      "flake": false,
      "locked": {
        "lastModified": 1786949793,
        "narHash": "sha256-26KT1QL7KJ2soRppDDoYwgXyzLKOZjPu0Un0eJBL5M4=",
        "owner": "nerima-lisp",
        "repo": "cl-dataflow-kit",
        "rev": "c4770c3b757bc40a9d5ecfc5de53871ec5da26c8",
        "type": "github"
      },
      "original": {
        "owner": "nerima-lisp",
        "ref": "v1.2.0",
        "repo": "cl-dataflow-kit",
        "type": "github"
      }
    },
    "cl-date-kit": {
      "flake": false,
      "locked": {
        "lastModified": 1785928864,
        "narHash": "sha256-gpIsXrCcDFYVOVGvbMYMf1Oed/n51zyP3ZKZLQtw/Y0=",
        "owner": "nerima-lisp",
        "repo": "cl-date-kit",
        "rev": "5671c20eddb901ecbe9f5d66b59ea92ac97aa411",
        "type": "github"
      },
      "original": {
        "owner": "nerima-lisp",
        "ref": "v1.0.0",
        "repo": "cl-date-kit",
        "type": "github"
      }
    },
    "cl-history-kit": {
      "flake": false,
      "locked": {
        "lastModified": 1785926178,
        "narHash": "sha256-cUpYiyWHKTkl5TTnHuIFtJUrMeasUDM4T7dbchfgjaY=",
        "owner": "nerima-lisp",
        "repo": "cl-history-kit",
        "rev": "a4774ec83d8fa296bd50b75a58264c12ee0861eb",
        "type": "github"
      },
      "original": {
        "owner": "nerima-lisp",
        "ref": "v1.0.4",
        "repo": "cl-history-kit",
        "type": "github"
      }
    },
    "cl-host-kit": {
      "flake": false,
      "locked": {
        "lastModified": 1785923957,
        "narHash": "sha256-pUR7Gi9Fdwg9WR1Mpjl+yBAb8FHAAieG8lTLYwfVJOc=",
        "owner": "nerima-lisp",
        "repo": "cl-host-kit",
        "rev": "ec565470b634605e23b0d6eef0645eb15e8e3356",
        "type": "github"
      },
      "original": {
        "owner": "nerima-lisp",
        "ref": "v0.3.1",
        "repo": "cl-host-kit",
        "type": "github"
      }
    },
    "cl-log-kit": {
      "flake": false,
      "locked": {
        "lastModified": 1785930087,
        "narHash": "sha256-zFbU9a8KLHThzQRn7jqSL0SoTj7ImeP3Q5lJmsOzBQM=",
        "owner": "nerima-lisp",
        "repo": "cl-log-kit",
        "rev": "580ebe23e4106edb8dcc89c0d4732f585c17e3f9",
        "type": "github"
      },
      "original": {
        "owner": "nerima-lisp",
        "ref": "v2.2.0",
        "repo": "cl-log-kit",
        "type": "github"
      }
    },
    "cl-nix-forge": {
      "inputs": {
        "nixpkgs": [
          "nixpkgs"
        ],
        "treefmt-nix": "treefmt-nix"
      },
      "locked": {
        "lastModified": 1785825792,
        "narHash": "sha256-FjpTPYXj5BINxpgFbNqKQgeB6p/ANR/1N8T4lSHS7kU=",
        "owner": "nerima-lisp",
        "repo": "cl-nix-forge",
        "rev": "df1e772cda1efcdb90297b49ca1a25b396b8bdd7",
        "type": "github"
      },
      "original": {
        "owner": "nerima-lisp",
        "ref": "v0.5.0",
        "repo": "cl-nix-forge",
        "type": "github"
      }
    },
    "cl-nix-forge_2": {
      "inputs": {
        "nixpkgs": [
          "cl-prolog-kit",
          "nixpkgs"
        ],
        "treefmt-nix": "treefmt-nix_2"
      },
      "locked": {
        "lastModified": 1785825792,
        "narHash": "sha256-FjpTPYXj5BINxpgFbNqKQgeB6p/ANR/1N8T4lSHS7kU=",
        "owner": "nerima-lisp",
        "repo": "cl-nix-forge",
        "rev": "df1e772cda1efcdb90297b49ca1a25b396b8bdd7",
        "type": "github"
      },
      "original": {
        "owner": "nerima-lisp",
        "ref": "v0.5.0",
        "repo": "cl-nix-forge",
        "type": "github"
      }
    },
    "cl-nix-forge_3": {
      "inputs": {
        "nixpkgs": [
          "cl-prolog-kit",
          "cl-weave",
          "nixpkgs"
        ],
        "treefmt-nix": "treefmt-nix_3"
      },
      "locked": {
        "lastModified": 1785347314,
        "narHash": "sha256-eSnOllc5L+DuP5TrPGPQUzMzfN8HA88x326EzZvo7V4=",
        "owner": "nerima-lisp",
        "repo": "cl-nix-forge",
        "rev": "53f26644d8cc40f5e677cedb00dd10ca5726d25a",
        "type": "github"
      },
      "original": {
        "owner": "nerima-lisp",
        "ref": "v0.4.0",
        "repo": "cl-nix-forge",
        "type": "github"
      }
    },
    "cl-nix-forge_4": {
      "inputs": {
        "nixpkgs": [
          "cl-weave",
          "nixpkgs"
        ],
        "treefmt-nix": "treefmt-nix_7"
      },
      "locked": {
        "lastModified": 1785825792,
        "narHash": "sha256-FjpTPYXj5BINxpgFbNqKQgeB6p/ANR/1N8T4lSHS7kU=",
        "owner": "nerima-lisp",
        "repo": "cl-nix-forge",
        "rev": "df1e772cda1efcdb90297b49ca1a25b396b8bdd7",
        "type": "github"
      },
      "original": {
        "owner": "nerima-lisp",
        "ref": "v0.5.0",
        "repo": "cl-nix-forge",
        "type": "github"
      }
    },
    "cl-parser-kit": {
      "flake": false,
      "locked": {
        "lastModified": 1785931427,
        "narHash": "sha256-IR8GbJVuSKS8fTcuQezTVlJJ3nU802shk2fdiHszcig=",
        "owner": "nerima-lisp",
        "repo": "cl-parser-kit",
        "rev": "6379014e6d85bdaecc57157611baa4ddf4b2b206",
        "type": "github"
      },
      "original": {
        "owner": "nerima-lisp",
        "ref": "v1.1.1",
        "repo": "cl-parser-kit",
        "type": "github"
      }
    },
    "cl-process-kit": {
      "flake": false,
      "locked": {
        "lastModified": 1785674951,
        "narHash": "sha256-D6h2Z+SnxqF9GV+Bf5mxmiLxlg9VFn8K0uh0bM7oWh8=",
        "owner": "nerima-lisp",
        "repo": "cl-process-kit",
        "rev": "44fc4281e5f7e97d662180aa15e23349b7ed7a5d",
        "type": "github"
      },
      "original": {
        "owner": "nerima-lisp",
        "ref": "v3.2.0",
        "repo": "cl-process-kit",
        "type": "github"
      }
    },
    "cl-prolog-kit": {
      "inputs": {
        "cl-nix-forge": "cl-nix-forge_2",
        "cl-weave": "cl-weave",
        "nixpkgs": [
          "nixpkgs"
        ],
        "paredit-cli": "paredit-cli",
        "treefmt-nix": "treefmt-nix_6"
      },
      "locked": {
        "lastModified": 1786948477,
        "narHash": "sha256-3qn9W1Jmbxnr0Si77J7Klo26oX/zjgBVwb5ye74NsTY=",
        "owner": "nerima-lisp",
        "repo": "cl-prolog-kit",
        "rev": "239368e1001bc3a8576d45770c9e91da11515d09",
        "type": "github"
      },
      "original": {
        "owner": "nerima-lisp",
        "ref": "v1.5.0",
        "repo": "cl-prolog-kit",
        "type": "github"
      }
    },
    "cl-tty-kit": {
      "flake": false,
      "locked": {
        "lastModified": 1786289076,
        "narHash": "sha256-BITAAgbpxMVWgSCZPLWWO6gxh4KcPcHDy518Sbn0K8I=",
        "owner": "nerima-lisp",
        "repo": "cl-tty-kit",
        "rev": "add24964a286720baa9e08722f4b611fcefdf22f",
        "type": "github"
      },
      "original": {
        "owner": "nerima-lisp",
        "ref": "v1.6.1",
        "repo": "cl-tty-kit",
        "type": "github"
      }
    },
    "cl-weave": {
      "inputs": {
        "cl-nix-forge": "cl-nix-forge_3",
        "nixpkgs": [
          "cl-prolog-kit",
          "nixpkgs"
        ],
        "paredit-cli": [
          "cl-prolog-kit",
          "paredit-cli"
        ],
        "treefmt-nix": "treefmt-nix_4"
      },
      "locked": {
        "lastModified": 1785673216,
        "narHash": "sha256-exuLElLZJeU23DiTeIsQgizz9UXVbviAUBgWBBfbxxc=",
        "owner": "nerima-lisp",
        "repo": "cl-weave",
        "rev": "f75eaae8d0d31840e7b6fff836e8aa254d5ced40",
        "type": "github"
      },
      "original": {
        "owner": "nerima-lisp",
        "ref": "v1.2.0",
        "repo": "cl-weave",
        "type": "github"
      }
    },
    "cl-weave_2": {
      "inputs": {
        "cl-nix-forge": "cl-nix-forge_4",
        "nixpkgs": [
          "nixpkgs"
        ],
        "paredit-cli": "paredit-cli_2",
        "treefmt-nix": "treefmt-nix_9"
      },
      "locked": {
        "lastModified": 1785915502,
        "narHash": "sha256-NhwWewIatjblEBVJcY5b6YRBGxiowBjRDlHXJ7crCuU=",
        "owner": "nerima-lisp",
        "repo": "cl-weave",
        "rev": "29bba54f1d711b07cc6244990d0ceff0faeec832",
        "type": "github"
      },
      "original": {
        "owner": "nerima-lisp",
        "ref": "v1.3.0",
        "repo": "cl-weave",
        "type": "github"
      }
    },
    "crane": {
      "locked": {
        "lastModified": 1784564969,
        "narHash": "sha256-TkTWNhJV/8Wk3czlbz4bwHZkFCaCHPsOy+oJe4PUiXg=",
        "owner": "ipetkov",
        "repo": "crane",
        "rev": "7930f6c291de6f83c257839d434592aa085f290a",
        "type": "github"
      },
      "original": {
        "owner": "ipetkov",
        "repo": "crane",
        "type": "github"
      }
    },
    "crane_2": {
      "locked": {
        "lastModified": 1784564969,
        "narHash": "sha256-TkTWNhJV/8Wk3czlbz4bwHZkFCaCHPsOy+oJe4PUiXg=",
        "owner": "ipetkov",
        "repo": "crane",
        "rev": "7930f6c291de6f83c257839d434592aa085f290a",
        "type": "github"
      },
      "original": {
        "owner": "ipetkov",
        "repo": "crane",
        "type": "github"
      }
    },
    "crane_3": {
      "locked": {
        "lastModified": 1785631643,
        "narHash": "sha256-H++/2dMt+5+tErKU+t5z6c4Xedvj9w+UPQYrpygwIPw=",
        "owner": "ipetkov",
        "repo": "crane",
        "rev": "b8d87f76ea4e4b6f30f2e6eaf3fbb60ff7d87167",
        "type": "github"
      },
      "original": {
        "owner": "ipetkov",
        "repo": "crane",
        "type": "github"
      }
    },
    "nixpkgs": {
      "locked": {
        "lastModified": 1785571196,
        "narHash": "sha256-KoTsyMQqnXQZq8deCEnu4QkyldkwH/bpMMhUcfMdGIw=",
        "owner": "NixOS",
        "repo": "nixpkgs",
        "rev": "148bab9c1c3c53136ecb44a6ea356a0ed5b39b06",
        "type": "github"
      },
      "original": {
        "owner": "NixOS",
        "ref": "nixos-unstable",
        "repo": "nixpkgs",
        "type": "github"
      }
    },
    "paredit-cli": {
      "inputs": {
        "crane": "crane",
        "nixpkgs": [
          "cl-prolog-kit",
          "nixpkgs"
        ],
        "rust-overlay": "rust-overlay",
        "treefmt-nix": "treefmt-nix_5"
      },
      "locked": {
        "lastModified": 1785644478,
        "narHash": "sha256-kqu9BDf8JqVe+Qo08ahOOuqpbqSto5RlQRhHoKw40d8=",
        "owner": "nerima-lisp",
        "repo": "paredit-cli",
        "rev": "9f8db23ddd496ef6773e040454832eeafc60aeea",
        "type": "github"
      },
      "original": {
        "owner": "nerima-lisp",
        "ref": "v1.4.0",
        "repo": "paredit-cli",
        "type": "github"
      }
    },
    "paredit-cli_2": {
      "inputs": {
        "crane": "crane_2",
        "nixpkgs": [
          "cl-weave",
          "nixpkgs"
        ],
        "rust-overlay": "rust-overlay_2",
        "treefmt-nix": "treefmt-nix_8"
      },
      "locked": {
        "lastModified": 1785386902,
        "narHash": "sha256-UD8Nws8wpybWfqSUfuGykQHr2PldEU3ALFbHMVPQn8U=",
        "owner": "nerima-lisp",
        "repo": "paredit-cli",
        "rev": "f646e5549049e33260b5f3f02587056870656b86",
        "type": "github"
      },
      "original": {
        "owner": "nerima-lisp",
        "ref": "v1.3.0",
        "repo": "paredit-cli",
        "type": "github"
      }
    },
    "paredit-cli_3": {
      "inputs": {
        "crane": "crane_3",
        "nixpkgs": [
          "nixpkgs"
        ],
        "rust-overlay": "rust-overlay_3",
        "treefmt-nix": "treefmt-nix_10"
      },
      "locked": {
        "lastModified": 1787968529,
        "narHash": "sha256-UHHLK5Q9ZuO+CdpwRL32T9TqAxQj+pKSKXUZXZ7z7+k=",
        "owner": "nerima-lisp",
        "repo": "paredit-cli",
        "rev": "c02264d3da09691faca10fd2ebaf80d36e71b860",
        "type": "github"
      },
      "original": {
        "owner": "nerima-lisp",
        "ref": "v1.6.2",
        "repo": "paredit-cli",
        "type": "github"
      }
    },
    "root": {
      "inputs": {
        "cl-boundary-kit": "cl-boundary-kit",
        "cl-cli": "cl-cli",
        "cl-codec-kit": "cl-codec-kit",
        "cl-concurrent-kit": "cl-concurrent-kit",
        "cl-dataflow-kit": "cl-dataflow-kit",
        "cl-date-kit": "cl-date-kit",
        "cl-history-kit": "cl-history-kit",
        "cl-host-kit": "cl-host-kit",
        "cl-log-kit": "cl-log-kit",
        "cl-nix-forge": "cl-nix-forge",
        "cl-parser-kit": "cl-parser-kit",
        "cl-process-kit": "cl-process-kit",
        "cl-prolog-kit": "cl-prolog-kit",
        "cl-tty-kit": "cl-tty-kit",
        "cl-weave": "cl-weave_2",
        "nixpkgs": "nixpkgs",
        "paredit-cli": "paredit-cli_3",
        "treefmt-nix": "treefmt-nix_11"
      }
    },
    "rust-overlay": {
      "inputs": {
        "nixpkgs": [
          "cl-prolog-kit",
          "paredit-cli",
          "nixpkgs"
        ]
      },
      "locked": {
        "lastModified": 1783663825,
        "narHash": "sha256-TTrNVoFdEw8j0Hn+shP1KAsimTmszTWBIIUliTaAuY0=",
        "owner": "oxalica",
        "repo": "rust-overlay",
        "rev": "072adf9b18936c1062c48123a9b77891d5968f2c",
        "type": "github"
      },
      "original": {
        "owner": "oxalica",
        "repo": "rust-overlay",
        "type": "github"
      }
    },
    "rust-overlay_2": {
      "inputs": {
        "nixpkgs": [
          "cl-weave",
          "paredit-cli",
          "nixpkgs"
        ]
      },
      "locked": {
        "lastModified": 1783663825,
        "narHash": "sha256-TTrNVoFdEw8j0Hn+shP1KAsimTmszTWBIIUliTaAuY0=",
        "owner": "oxalica",
        "repo": "rust-overlay",
        "rev": "072adf9b18936c1062c48123a9b77891d5968f2c",
        "type": "github"
      },
      "original": {
        "owner": "oxalica",
        "repo": "rust-overlay",
        "type": "github"
      }
    },
    "rust-overlay_3": {
      "inputs": {
        "nixpkgs": [
          "paredit-cli",
          "nixpkgs"
        ]
      },
      "locked": {
        "lastModified": 1785648791,
        "narHash": "sha256-4wZa7NDOxbcm9pTNNcg88nvvPb9uVcWsJ+Ncil8eB1I=",
        "owner": "oxalica",
        "repo": "rust-overlay",
        "rev": "32346a8154e65fa10bac36f7b476a5294cb8b150",
        "type": "github"
      },
      "original": {
        "owner": "oxalica",
        "repo": "rust-overlay",
        "type": "github"
      }
    },
    "treefmt-nix": {
      "inputs": {
        "nixpkgs": [
          "cl-nix-forge",
          "nixpkgs"
        ]
      },
      "locked": {
        "lastModified": 1785360170,
        "narHash": "sha256-XE1lKgQ3eIO3E7zWryqcRsax+mYXod/5RHBn4YaR9YE=",
        "owner": "numtide",
        "repo": "treefmt-nix",
        "rev": "d1187f8bc71fb8aab02395869ec3f5c1920f75c0",
        "type": "github"
      },
      "original": {
        "owner": "numtide",
        "repo": "treefmt-nix",
        "type": "github"
      }
    },
    "treefmt-nix_10": {
      "inputs": {
        "nixpkgs": [
          "paredit-cli",
          "nixpkgs"
        ]
      },
      "locked": {
        "lastModified": 1785360170,
        "narHash": "sha256-XE1lKgQ3eIO3E7zWryqcRsax+mYXod/5RHBn4YaR9YE=",
        "owner": "numtide",
        "repo": "treefmt-nix",
        "rev": "d1187f8bc71fb8aab02395869ec3f5c1920f75c0",
        "type": "github"
      },
      "original": {
        "owner": "numtide",
        "repo": "treefmt-nix",
        "type": "github"
      }
    },
    "treefmt-nix_11": {
      "inputs": {
        "nixpkgs": [
          "nixpkgs"
        ]
      },
      "locked": {
        "lastModified": 1785360170,
        "narHash": "sha256-XE1lKgQ3eIO3E7zWryqcRsax+mYXod/5RHBn4YaR9YE=",
        "owner": "numtide",
        "repo": "treefmt-nix",
        "rev": "d1187f8bc71fb8aab02395869ec3f5c1920f75c0",
        "type": "github"
      },
      "original": {
        "owner": "numtide",
        "repo": "treefmt-nix",
        "type": "github"
      }
    },
    "treefmt-nix_2": {
      "inputs": {
        "nixpkgs": [
          "cl-prolog-kit",
          "cl-nix-forge",
          "nixpkgs"
        ]
      },
      "locked": {
        "lastModified": 1785360170,
        "narHash": "sha256-XE1lKgQ3eIO3E7zWryqcRsax+mYXod/5RHBn4YaR9YE=",
        "owner": "numtide",
        "repo": "treefmt-nix",
        "rev": "d1187f8bc71fb8aab02395869ec3f5c1920f75c0",
        "type": "github"
      },
      "original": {
        "owner": "numtide",
        "repo": "treefmt-nix",
        "type": "github"
      }
    },
    "treefmt-nix_3": {
      "inputs": {
        "nixpkgs": [
          "cl-prolog-kit",
          "cl-weave",
          "cl-nix-forge",
          "nixpkgs"
        ]
      },
      "locked": {
        "lastModified": 1784369104,
        "narHash": "sha256-47cxbcZODibHv3rELFQ9vZly0vUNkND/atn/U7HLeb0=",
        "owner": "numtide",
        "repo": "treefmt-nix",
        "rev": "df3c0640565d04a0261253cdd89fce78ec50168a",
        "type": "github"
      },
      "original": {
        "owner": "numtide",
        "repo": "treefmt-nix",
        "type": "github"
      }
    },
    "treefmt-nix_4": {
      "inputs": {
        "nixpkgs": [
          "cl-prolog-kit",
          "cl-weave",
          "nixpkgs"
        ]
      },
      "locked": {
        "lastModified": 1785360170,
        "narHash": "sha256-XE1lKgQ3eIO3E7zWryqcRsax+mYXod/5RHBn4YaR9YE=",
        "owner": "numtide",
        "repo": "treefmt-nix",
        "rev": "d1187f8bc71fb8aab02395869ec3f5c1920f75c0",
        "type": "github"
      },
      "original": {
        "owner": "numtide",
        "repo": "treefmt-nix",
        "type": "github"
      }
    },
    "treefmt-nix_5": {
      "inputs": {
        "nixpkgs": [
          "cl-prolog-kit",
          "paredit-cli",
          "nixpkgs"
        ]
      },
      "locked": {
        "lastModified": 1780220602,
        "narHash": "sha256-eynAfOmbmxJnkp7YewvCEbShNnnYJ9gLLqkzsYtBPeM=",
        "owner": "numtide",
        "repo": "treefmt-nix",
        "rev": "db947814a175b7ca6ded66e21383d938df01c227",
        "type": "github"
      },
      "original": {
        "owner": "numtide",
        "repo": "treefmt-nix",
        "type": "github"
      }
    },
    "treefmt-nix_6": {
      "inputs": {
        "nixpkgs": [
          "cl-prolog-kit",
          "nixpkgs"
        ]
      },
      "locked": {
        "lastModified": 1785360170,
        "narHash": "sha256-XE1lKgQ3eIO3E7zWryqcRsax+mYXod/5RHBn4YaR9YE=",
        "owner": "numtide",
        "repo": "treefmt-nix",
        "rev": "d1187f8bc71fb8aab02395869ec3f5c1920f75c0",
        "type": "github"
      },
      "original": {
        "owner": "numtide",
        "repo": "treefmt-nix",
        "type": "github"
      }
    },
    "treefmt-nix_7": {
      "inputs": {
        "nixpkgs": [
          "cl-weave",
          "cl-nix-forge",
          "nixpkgs"
        ]
      },
      "locked": {
        "lastModified": 1785360170,
        "narHash": "sha256-XE1lKgQ3eIO3E7zWryqcRsax+mYXod/5RHBn4YaR9YE=",
        "owner": "numtide",
        "repo": "treefmt-nix",
        "rev": "d1187f8bc71fb8aab02395869ec3f5c1920f75c0",
        "type": "github"
      },
      "original": {
        "owner": "numtide",
        "repo": "treefmt-nix",
        "type": "github"
      }
    },
    "treefmt-nix_8": {
      "inputs": {
        "nixpkgs": [
          "cl-weave",
          "cl-nix-forge",
          "nixpkgs"
        ]
      },
      "locked": {
        "lastModified": 1785360170,
        "narHash": "sha256-XE1lKgQ3eIO3E7zWryqcRsax+mYXod/5RHBn4YaR9YE=",
        "owner": "numtide",
        "repo": "treefmt-nix",
        "rev": "d1187f8bc71fb8aab02395869ec3f5c1920f75c0",
        "type": "github"
      },
      "original": {
        "owner": "numtide",
        "repo": "treefmt-nix",
        "type": "github"
      }
    },
    "treefmt-nix_9": {
      "inputs": {
        "nixpkgs": [
          "cl-weave",
          "nixpkgs"
        ]
      },
      "locked": {
        "lastModified": 1785360170,
        "narHash": "sha256-XE1lKgQ3eIO3E7zWryqcRsax+mYXod/5RHBn4YaR9YE=",
        "owner": "numtide",
        "repo": "treefmt-nix",
        "rev": "d1187f8bc71fb8aab02395869ec3f5c1920f75c0",
        "type": "github"
      },
      "original": {
        "owner": "numtide",
        "repo": "treefmt-nix",
        "type": "github"
      }
    }
  },
  "root": "root",
  "version": 7
}
