{
  "nodes": {
    "cl-boundary-kit": {
      "flake": false,
      "locked": {
        "lastModified": 1784900573,
        "narHash": "sha256-fP9ETmrQoNsMJzkhiT1Cpqsr0ul0xxWmY8Q3pijPQPs=",
        "owner": "nerima-lisp",
        "repo": "cl-boundary-kit",
        "rev": "ab08affa809bd802b63c09828ea346eaf9537751",
        "type": "github"
      },
      "original": {
        "owner": "nerima-lisp",
        "repo": "cl-boundary-kit",
        "type": "github"
      }
    },
    "cl-cli": {
      "flake": false,
      "locked": {
        "lastModified": 1784528273,
        "narHash": "sha256-d/N5pupjPAj+zJGiZxrMTpDlIsVRQjBcqsu4SWcaxl4=",
        "owner": "nerima-lisp",
        "repo": "cl-cli",
        "rev": "fa6b60800e737d699ff0129efd9742dada775ddf",
        "type": "github"
      },
      "original": {
        "owner": "nerima-lisp",
        "repo": "cl-cli",
        "type": "github"
      }
    },
    "cl-dataflow": {
      "flake": false,
      "locked": {
        "lastModified": 1784893916,
        "narHash": "sha256-44cGVwTeVK9qwi0ZQtv9wMKkQonmRyVppM0wbjrTaHU=",
        "owner": "nerima-lisp",
        "repo": "cl-dataflow",
        "rev": "5654e51dd90bbd2f3f298b0667244d7e99e0cfa3",
        "type": "github"
      },
      "original": {
        "owner": "nerima-lisp",
        "repo": "cl-dataflow",
        "type": "github"
      }
    },
    "cl-log-kit": {
      "flake": false,
      "locked": {
        "lastModified": 1784893936,
        "narHash": "sha256-n1qdN+GPMwobdR0lSgDmmx3oWouJY7G/UV5T5aV54Qo=",
        "owner": "nerima-lisp",
        "repo": "cl-log-kit",
        "rev": "314f34fa94c996fc8d216598c07dae30155dc9e7",
        "type": "github"
      },
      "original": {
        "owner": "nerima-lisp",
        "repo": "cl-log-kit",
        "type": "github"
      }
    },
    "cl-parser-kit": {
      "flake": false,
      "locked": {
        "lastModified": 1784892866,
        "narHash": "sha256-HFJr/uTqSHaN6QO5H9rekR2hWiF7xTUzzgPGusOxqRs=",
        "owner": "nerima-lisp",
        "repo": "cl-parser-kit",
        "rev": "91dad7256c7ef413acbe122a947930943afeb1c4",
        "type": "github"
      },
      "original": {
        "owner": "nerima-lisp",
        "repo": "cl-parser-kit",
        "type": "github"
      }
    },
    "cl-process-kit": {
      "flake": false,
      "locked": {
        "lastModified": 1784899853,
        "narHash": "sha256-Q+Q476TCQfMUS4ytJKH+x40I/DkZFqe+aKnD1zDLEY8=",
        "owner": "nerima-lisp",
        "repo": "cl-process-kit",
        "rev": "6b090020390d01f3987448560f9bd7b700014a2b",
        "type": "github"
      },
      "original": {
        "owner": "nerima-lisp",
        "repo": "cl-process-kit",
        "type": "github"
      }
    },
    "cl-prolog": {
      "inputs": {
        "cl-weave": "cl-weave",
        "nixpkgs": [
          "nixpkgs"
        ],
        "paredit-cli": "paredit-cli"
      },
      "locked": {
        "lastModified": 1784884724,
        "narHash": "sha256-kzvL7CNBj4YA1Oj8oP8gPLo4t52uMlRrM0xxWlvjtxo=",
        "owner": "nerima-lisp",
        "repo": "cl-prolog",
        "rev": "ed657d736a99d1543297dbe91f303129c5e3aaef",
        "type": "github"
      },
      "original": {
        "owner": "nerima-lisp",
        "repo": "cl-prolog",
        "type": "github"
      }
    },
    "cl-tty-kit": {
      "flake": false,
      "locked": {
        "lastModified": 1784891353,
        "narHash": "sha256-5qHy+nMwJnYFVaXPoXp5oxAa2RZZZvpYjVNM6qTjuVE=",
        "owner": "nerima-lisp",
        "repo": "cl-tty-kit",
        "rev": "bd06efd58fe775a3fb3b842b101c7b38a078414b",
        "type": "github"
      },
      "original": {
        "owner": "nerima-lisp",
        "repo": "cl-tty-kit",
        "type": "github"
      }
    },
    "cl-weave": {
      "inputs": {
        "nixpkgs": [
          "cl-prolog",
          "nixpkgs"
        ],
        "paredit-cli": [
          "cl-prolog",
          "paredit-cli"
        ]
      },
      "locked": {
        "lastModified": 1783861746,
        "narHash": "sha256-os8qAPvPtAmW43f5HTC4JAT8ez9VovVPQrh6leKQu0Y=",
        "owner": "nerima-lisp",
        "repo": "cl-weave",
        "rev": "6c4ea81c65e6f2ca931070b7b34efef13ed40307",
        "type": "github"
      },
      "original": {
        "owner": "nerima-lisp",
        "ref": "v0.4.0",
        "repo": "cl-weave",
        "type": "github"
      }
    },
    "cl-weave_2": {
      "inputs": {
        "nixpkgs": [
          "nixpkgs"
        ],
        "paredit-cli": "paredit-cli_2"
      },
      "locked": {
        "lastModified": 1784866842,
        "narHash": "sha256-uFdqahTn9aTgFYnV8tkY5CLI53EGxSZGXjW6Ky1NgXY=",
        "owner": "nerima-lisp",
        "repo": "cl-weave",
        "rev": "7ddc1a283878878a58ec90ab6d4742be86868ba8",
        "type": "github"
      },
      "original": {
        "owner": "nerima-lisp",
        "ref": "v0.10.0",
        "repo": "cl-weave",
        "type": "github"
      }
    },
    "nixpkgs": {
      "locked": {
        "lastModified": 1784796856,
        "narHash": "sha256-wWFrV5/Qbm+lyt5x20E/bSbfJiGKMo4RCxZV8cl/WZI=",
        "owner": "nixos",
        "repo": "nixpkgs",
        "rev": "e2587caef70cea85dd97d7daab492899902dbf5d",
        "type": "github"
      },
      "original": {
        "owner": "nixos",
        "ref": "nixos-unstable",
        "repo": "nixpkgs",
        "type": "github"
      }
    },
    "paredit-cli": {
      "inputs": {
        "nixpkgs": [
          "cl-prolog",
          "nixpkgs"
        ],
        "rust-overlay": "rust-overlay",
        "treefmt-nix": "treefmt-nix"
      },
      "locked": {
        "lastModified": 1784440580,
        "narHash": "sha256-4BNrL/lfP+fOmOXZlaTcjrIhnruc6qWu9JhfRFb9P+w=",
        "owner": "nerima-lisp",
        "repo": "paredit-cli",
        "rev": "f5404152d79447c230646a2cbe6ffb575c5d2f7a",
        "type": "github"
      },
      "original": {
        "owner": "nerima-lisp",
        "repo": "paredit-cli",
        "type": "github"
      }
    },
    "paredit-cli_2": {
      "inputs": {
        "nixpkgs": [
          "cl-weave",
          "nixpkgs"
        ],
        "rust-overlay": "rust-overlay_2",
        "treefmt-nix": "treefmt-nix_2"
      },
      "locked": {
        "lastModified": 1783796150,
        "narHash": "sha256-EiA9eOKIZ5mIPHUzINSg/lKxHNjm/ljn0BVWCFQHwDI=",
        "owner": "takeokunn",
        "repo": "paredit-cli",
        "rev": "335e3b8e7f737ed9afec5f166ab944e524d38059",
        "type": "github"
      },
      "original": {
        "owner": "takeokunn",
        "repo": "paredit-cli",
        "type": "github"
      }
    },
    "root": {
      "inputs": {
        "cl-boundary-kit": "cl-boundary-kit",
        "cl-cli": "cl-cli",
        "cl-dataflow": "cl-dataflow",
        "cl-log-kit": "cl-log-kit",
        "cl-parser-kit": "cl-parser-kit",
        "cl-process-kit": "cl-process-kit",
        "cl-prolog": "cl-prolog",
        "cl-tty-kit": "cl-tty-kit",
        "cl-weave": "cl-weave_2",
        "nixpkgs": "nixpkgs"
      }
    },
    "rust-overlay": {
      "inputs": {
        "nixpkgs": [
          "cl-prolog",
          "paredit-cli",
          "nixpkgs"
        ]
      },
      "locked": {
        "lastModified": 1783663825,
        "narHash": "sha256-TTrNVoFdEw8j0Hn+shP1KAsimTmszTWBIIUliTaAuY0=",
        "owner": "oxalica",
        "repo": "rust-overlay",
        "rev": "072adf9b18936c1062c48123a9b77891d5968f2c",
        "type": "github"
      },
      "original": {
        "owner": "oxalica",
        "repo": "rust-overlay",
        "type": "github"
      }
    },
    "rust-overlay_2": {
      "inputs": {
        "nixpkgs": [
          "cl-weave",
          "paredit-cli",
          "nixpkgs"
        ]
      },
      "locked": {
        "lastModified": 1783663825,
        "narHash": "sha256-TTrNVoFdEw8j0Hn+shP1KAsimTmszTWBIIUliTaAuY0=",
        "owner": "oxalica",
        "repo": "rust-overlay",
        "rev": "072adf9b18936c1062c48123a9b77891d5968f2c",
        "type": "github"
      },
      "original": {
        "owner": "oxalica",
        "repo": "rust-overlay",
        "type": "github"
      }
    },
    "treefmt-nix": {
      "inputs": {
        "nixpkgs": [
          "cl-prolog",
          "paredit-cli",
          "nixpkgs"
        ]
      },
      "locked": {
        "lastModified": 1780220602,
        "narHash": "sha256-eynAfOmbmxJnkp7YewvCEbShNnnYJ9gLLqkzsYtBPeM=",
        "owner": "numtide",
        "repo": "treefmt-nix",
        "rev": "db947814a175b7ca6ded66e21383d938df01c227",
        "type": "github"
      },
      "original": {
        "owner": "numtide",
        "repo": "treefmt-nix",
        "type": "github"
      }
    },
    "treefmt-nix_2": {
      "inputs": {
        "nixpkgs": [
          "cl-weave",
          "paredit-cli",
          "nixpkgs"
        ]
      },
      "locked": {
        "lastModified": 1780220602,
        "narHash": "sha256-eynAfOmbmxJnkp7YewvCEbShNnnYJ9gLLqkzsYtBPeM=",
        "owner": "numtide",
        "repo": "treefmt-nix",
        "rev": "db947814a175b7ca6ded66e21383d938df01c227",
        "type": "github"
      },
      "original": {
        "owner": "numtide",
        "repo": "treefmt-nix",
        "type": "github"
      }
    }
  },
  "root": "root",
  "version": 7
}
